
Microsoft Visual Studio Solution File, Format Version 12.00
# Visual Studio Version 17
VisualStudioVersion = 17.9.34728.123
MinimumVisualStudioVersion = 10.0.40219.1
Project("{FAE04EC0-301F-11D3-BF4B-00C04F79EFBC}") = "DotChess-API", "DotChess-API\DotChess-API.csproj", "{C1ED2EC6-ECB3-4F7D-969D-9EC64D72BF4A}"
EndProject
Global
	GlobalSection(SolutionConfigurationPlatforms) = preSolution
		Debug|Any CPU = Debug|Any CPU
		Release|Any CPU = Release|Any CPU
	EndGlobalSection
	GlobalSection(ProjectConfigurationPlatforms) = postSolution
		{C1ED2EC6-ECB3-4F7D-969D-9EC64D72BF4A}.Debug|Any CPU.ActiveCfg = Debug|Any CPU
		{C1ED2EC6-ECB3-4F7D-969D-9EC64D72BF4A}.Debug|Any CPU.Build.0 = Debug|Any CPU
		{C1ED2EC6-ECB3-4F7D-969D-9EC64D72BF4A}.Release|Any CPU.ActiveCfg = Release|Any CPU
		{C1ED2EC6-ECB3-4F7D-969D-9EC64D72BF4A}.Release|Any CPU.Build.0 = Release|Any CPU
	EndGlobalSection
	GlobalSection(SolutionProperties) = preSolution
		HideSolutionNode = FALSE
	EndGlobalSection
	GlobalSection(ExtensibilityGlobals) = postSolution
		SolutionGuid = {C12317E1-5222-4B02-B630-F63A5ECA36AB}
	EndGlobalSection
EndGlobal
